
Microsoft Visual Studio Solution File, Format Version 12.00
# Visual Studio 15
VisualStudioVersion = 15.0.27004.2006
MinimumVisualStudioVersion = 10.0.40219.1
Project("{9A19103F-16F7-4668-BE54-9A1E7A4F7556}") = "GeekseatBusX", "src\GeekseatBus\GeekseatBusX.csproj", "{B6346089-5204-4D8B-B394-BC02FFB9D475}"
EndProject
Global
	GlobalSection(SolutionConfigurationPlatforms) = preSolution
		Debug|Any CPU = Debug|Any CPU
		Release|Any CPU = Release|Any CPU
	EndGlobalSection
	GlobalSection(ProjectConfigurationPlatforms) = postSolution
		{B6346089-5204-4D8B-B394-BC02FFB9D475}.Debug|Any CPU.ActiveCfg = Debug|Any CPU
		{B6346089-5204-4D8B-B394-BC02FFB9D475}.Debug|Any CPU.Build.0 = Debug|Any CPU
		{B6346089-5204-4D8B-B394-BC02FFB9D475}.Release|Any CPU.ActiveCfg = Release|Any CPU
		{B6346089-5204-4D8B-B394-BC02FFB9D475}.Release|Any CPU.Build.0 = Release|Any CPU
	EndGlobalSection
	GlobalSection(SolutionProperties) = preSolution
		HideSolutionNode = FALSE
	EndGlobalSection
	GlobalSection(ExtensibilityGlobals) = postSolution
		SolutionGuid = {F3A2AA83-F8B6-4CC5-AAEB-8FDDD304306E}
	EndGlobalSection
EndGlobal
